
Microsoft Visual Studio Solution File, Format Version 12.00
# Visual Studio Version 16
VisualStudioVersion = 16.0.29905.134
MinimumVisualStudioVersion = 10.0.40219.1
Project("{9A19103F-16F7-4668-BE54-9A1E7A4F7556}") = "1.Basics", "1.Basics\1.Basics.csproj", "{6325A86A-BC89-4392-97E4-6562FFD14AC9}"
EndProject
Project("{9A19103F-16F7-4668-BE54-9A1E7A4F7556}") = "2.IdentityExample", "IdentityExample\2.IdentityExample.csproj", "{B3B5FD74-7E7D-4AF5-88D9-8B80028474E6}"
EndProject
Project("{9A19103F-16F7-4668-BE54-9A1E7A4F7556}") = "3.Authorization", "3.Authorization\3.Authorization.csproj", "{D24D5C92-8F84-414F-AE89-244AADEF6CD8}"
EndProject
Project("{FAE04EC0-301F-11D3-BF4B-00C04F79EFBC}") = "4.AuthorizationExtra", "4.AuthorizationExtra\4.AuthorizationExtra.csproj", "{E3B5F12C-FC06-49F8-A985-C472CB43DAA3}"
EndProject
Global
	GlobalSection(SolutionConfigurationPlatforms) = preSolution
		Debug|Any CPU = Debug|Any CPU
		Release|Any CPU = Release|Any CPU
	EndGlobalSection
	GlobalSection(ProjectConfigurationPlatforms) = postSolution
		{6325A86A-BC89-4392-97E4-6562FFD14AC9}.Debug|Any CPU.ActiveCfg = Debug|Any CPU
		{6325A86A-BC89-4392-97E4-6562FFD14AC9}.Debug|Any CPU.Build.0 = Debug|Any CPU
		{6325A86A-BC89-4392-97E4-6562FFD14AC9}.Release|Any CPU.ActiveCfg = Release|Any CPU
		{6325A86A-BC89-4392-97E4-6562FFD14AC9}.Release|Any CPU.Build.0 = Release|Any CPU
		{B3B5FD74-7E7D-4AF5-88D9-8B80028474E6}.Debug|Any CPU.ActiveCfg = Debug|Any CPU
		{B3B5FD74-7E7D-4AF5-88D9-8B80028474E6}.Debug|Any CPU.Build.0 = Debug|Any CPU
		{B3B5FD74-7E7D-4AF5-88D9-8B80028474E6}.Release|Any CPU.ActiveCfg = Release|Any CPU
		{B3B5FD74-7E7D-4AF5-88D9-8B80028474E6}.Release|Any CPU.Build.0 = Release|Any CPU
		{D24D5C92-8F84-414F-AE89-244AADEF6CD8}.Debug|Any CPU.ActiveCfg = Debug|Any CPU
		{D24D5C92-8F84-414F-AE89-244AADEF6CD8}.Debug|Any CPU.Build.0 = Debug|Any CPU
		{D24D5C92-8F84-414F-AE89-244AADEF6CD8}.Release|Any CPU.ActiveCfg = Release|Any CPU
		{D24D5C92-8F84-414F-AE89-244AADEF6CD8}.Release|Any CPU.Build.0 = Release|Any CPU
		{E3B5F12C-FC06-49F8-A985-C472CB43DAA3}.Debug|Any CPU.ActiveCfg = Debug|Any CPU
		{E3B5F12C-FC06-49F8-A985-C472CB43DAA3}.Debug|Any CPU.Build.0 = Debug|Any CPU
		{E3B5F12C-FC06-49F8-A985-C472CB43DAA3}.Release|Any CPU.ActiveCfg = Release|Any CPU
		{E3B5F12C-FC06-49F8-A985-C472CB43DAA3}.Release|Any CPU.Build.0 = Release|Any CPU
	EndGlobalSection
	GlobalSection(SolutionProperties) = preSolution
		HideSolutionNode = FALSE
	EndGlobalSection
	GlobalSection(ExtensibilityGlobals) = postSolution
		SolutionGuid = {EC0CFF65-636A-46D4-8A94-28890D5AA052}
	EndGlobalSection
EndGlobal
